
Microsoft Visual Studio Solution File, Format Version 12.00
# Visual Studio 15
VisualStudioVersion = 15.0.27703.2000
MinimumVisualStudioVersion = 10.0.40219.1
Project("{FAE04EC0-301F-11D3-BF4B-00C04F79EFBC}") = "@Vsts", "@Vsts\@Vsts.csproj", "{20EA3300-5D40-4A5C-9717-D67017751B23}"
EndProject
Project("{2150E333-8FDC-42A3-9474-1A3956D46DE8}") = "Solution Items", "Solution Items", "{CD534310-6FE1-4484-A2C8-DD9A7B712E92}"
	ProjectSection(SolutionItems) = preProject
		..\.gitignore = ..\.gitignore
		..\CHANGELOG.md = ..\CHANGELOG.md
		..\LICENSE.md = ..\LICENSE.md
		..\README.md = ..\README.md
		screen0.png = screen0.png
		screen1.png = screen1.png
		TODO.txt = TODO.txt
	EndProjectSection
EndProject
Project("{FAE04EC0-301F-11D3-BF4B-00C04F79EFBC}") = "@DevHumor", "@DevHumor\@DevHumor.csproj", "{866CEA23-923B-46CD-B46A-BA20E63A7A89}"
EndProject
Project("{FAE04EC0-301F-11D3-BF4B-00C04F79EFBC}") = "Common", "Common\Common.csproj", "{DEAE94BA-B4A3-4B24-A7C3-4AB322152BA4}"
EndProject
Project("{FAE04EC0-301F-11D3-BF4B-00C04F79EFBC}") = "@Azure", "@Azure\@Azure.csproj", "{2BAD876C-1212-4F0E-A335-37BE39A18B9A}"
EndProject
Project("{FAE04EC0-301F-11D3-BF4B-00C04F79EFBC}") = "@Ch9", "@Ch9\@Ch9.csproj", "{D3CC5F02-849C-4239-A093-0B9C38B7CCD4}"
EndProject
Project("{FAE04EC0-301F-11D3-BF4B-00C04F79EFBC}") = "@Code", "@Code\@Code.csproj", "{9C4A0180-7909-4A67-A34A-08DC84E8E9B0}"
EndProject
Project("{FAE04EC0-301F-11D3-BF4B-00C04F79EFBC}") = "@CodeProject", "@CodeProject\@CodeProject.csproj", "{00B43C76-80BE-418F-81CB-91F534D97B59}"
EndProject
Project("{FAE04EC0-301F-11D3-BF4B-00C04F79EFBC}") = "@DailyDotNetTips", "@DailyDotNetTips\@DailyDotNetTips.csproj", "{6F10C7B8-EB42-43FB-9A79-B9754B1E1CC7}"
EndProject
Project("{FAE04EC0-301F-11D3-BF4B-00C04F79EFBC}") = "@DotNet", "@DotNet\@DotNet.csproj", "{04111131-8D31-40FC-B42C-71FF39A25B39}"
EndProject
Project("{FAE04EC0-301F-11D3-BF4B-00C04F79EFBC}") = "@DotNetCurry", "@DotNetCurry\@DotNetCurry.csproj", "{87998359-96F0-430C-A2B8-8F2707FD9E6A}"
EndProject
Project("{FAE04EC0-301F-11D3-BF4B-00C04F79EFBC}") = "@DotNetFdn", "@DotNetFdn\@DotNetFdn.csproj", "{98930397-F89E-4570-A7CA-7AB26AB2C75D}"
EndProject
Project("{FAE04EC0-301F-11D3-BF4B-00C04F79EFBC}") = "@DotNetKicks", "@DotNetKicks\@DotNetKicks.csproj", "{B470E874-EA78-4916-96BD-28CE52BF3BE4}"
EndProject
Project("{FAE04EC0-301F-11D3-BF4B-00C04F79EFBC}") = "@MSCloud", "@MSCloud\@MSCloud.csproj", "{F9CD1EBF-F5EF-44C7-85CD-0C0C32B69820}"
EndProject
Project("{FAE04EC0-301F-11D3-BF4B-00C04F79EFBC}") = "@NewsYCombinator", "@NewsYCombinator\@NewsYCombinator.csproj", "{FC440984-3CAA-42A3-868B-7F713855D5F0}"
EndProject
Project("{FAE04EC0-301F-11D3-BF4B-00C04F79EFBC}") = "@NodeJS", "@NodeJS\@NodeJS.csproj", "{C77EB0B2-6FF6-43AA-9F1D-02C9B55EBCC7}"
EndProject
Project("{FAE04EC0-301F-11D3-BF4B-00C04F79EFBC}") = "@OctopusDeploy", "@OctopusDeploy\@OctopusDeploy.csproj", "{4CC15B99-F523-4DC0-820A-60D6CDCF8F8C}"
EndProject
Project("{FAE04EC0-301F-11D3-BF4B-00C04F79EFBC}") = "@Reddit_Tech", "@Reddit_Tech\@Reddit_Tech.csproj", "{E9CCBE91-FF80-43A5-BDA7-B4670F8B91B7}"
EndProject
Project("{FAE04EC0-301F-11D3-BF4B-00C04F79EFBC}") = "@TheRegister", "@TheRegister\@TheRegister.csproj", "{97BD7EC9-4FF6-4498-A8C3-B3C8EC0545BB}"
EndProject
Project("{FAE04EC0-301F-11D3-BF4B-00C04F79EFBC}") = "@VisualStudio", "@VisualStudio\@VisualStudio.csproj", "{33E276DC-89AE-441F-B3D0-11BAA5543BA9}"
EndProject
Project("{FAE04EC0-301F-11D3-BF4B-00C04F79EFBC}") = "@VSMDev", "@VSMDev\@VSMDev.csproj", "{F4EA5B08-3D75-4270-90AD-D65CA6BC8883}"
EndProject
Project("{FAE04EC0-301F-11D3-BF4B-00C04F79EFBC}") = "@XamarinHQ", "@XamarinHQ\@XamarinHQ.csproj", "{FA0FB139-CF63-4ADA-A470-BF093F6DE903}"
EndProject
Global
	GlobalSection(SolutionConfigurationPlatforms) = preSolution
		Debug|Any CPU = Debug|Any CPU
		Release|Any CPU = Release|Any CPU
	EndGlobalSection
	GlobalSection(ProjectConfigurationPlatforms) = postSolution
		{20EA3300-5D40-4A5C-9717-D67017751B23}.Debug|Any CPU.ActiveCfg = Debug|Any CPU
		{20EA3300-5D40-4A5C-9717-D67017751B23}.Debug|Any CPU.Build.0 = Debug|Any CPU
		{20EA3300-5D40-4A5C-9717-D67017751B23}.Release|Any CPU.ActiveCfg = Release|Any CPU
		{20EA3300-5D40-4A5C-9717-D67017751B23}.Release|Any CPU.Build.0 = Release|Any CPU
		{866CEA23-923B-46CD-B46A-BA20E63A7A89}.Debug|Any CPU.ActiveCfg = Debug|Any CPU
		{866CEA23-923B-46CD-B46A-BA20E63A7A89}.Debug|Any CPU.Build.0 = Debug|Any CPU
		{866CEA23-923B-46CD-B46A-BA20E63A7A89}.Release|Any CPU.ActiveCfg = Release|Any CPU
		{866CEA23-923B-46CD-B46A-BA20E63A7A89}.Release|Any CPU.Build.0 = Release|Any CPU
		{DEAE94BA-B4A3-4B24-A7C3-4AB322152BA4}.Debug|Any CPU.ActiveCfg = Debug|Any CPU
		{DEAE94BA-B4A3-4B24-A7C3-4AB322152BA4}.Debug|Any CPU.Build.0 = Debug|Any CPU
		{DEAE94BA-B4A3-4B24-A7C3-4AB322152BA4}.Release|Any CPU.ActiveCfg = Release|Any CPU
		{DEAE94BA-B4A3-4B24-A7C3-4AB322152BA4}.Release|Any CPU.Build.0 = Release|Any CPU
		{2BAD876C-1212-4F0E-A335-37BE39A18B9A}.Debug|Any CPU.ActiveCfg = Debug|Any CPU
		{2BAD876C-1212-4F0E-A335-37BE39A18B9A}.Debug|Any CPU.Build.0 = Debug|Any CPU
		{2BAD876C-1212-4F0E-A335-37BE39A18B9A}.Release|Any CPU.ActiveCfg = Release|Any CPU
		{2BAD876C-1212-4F0E-A335-37BE39A18B9A}.Release|Any CPU.Build.0 = Release|Any CPU
		{D3CC5F02-849C-4239-A093-0B9C38B7CCD4}.Debug|Any CPU.ActiveCfg = Debug|Any CPU
		{D3CC5F02-849C-4239-A093-0B9C38B7CCD4}.Debug|Any CPU.Build.0 = Debug|Any CPU
		{D3CC5F02-849C-4239-A093-0B9C38B7CCD4}.Release|Any CPU.ActiveCfg = Release|Any CPU
		{D3CC5F02-849C-4239-A093-0B9C38B7CCD4}.Release|Any CPU.Build.0 = Release|Any CPU
		{9C4A0180-7909-4A67-A34A-08DC84E8E9B0}.Debug|Any CPU.ActiveCfg = Debug|Any CPU
		{9C4A0180-7909-4A67-A34A-08DC84E8E9B0}.Debug|Any CPU.Build.0 = Debug|Any CPU
		{9C4A0180-7909-4A67-A34A-08DC84E8E9B0}.Release|Any CPU.ActiveCfg = Release|Any CPU
		{9C4A0180-7909-4A67-A34A-08DC84E8E9B0}.Release|Any CPU.Build.0 = Release|Any CPU
		{00B43C76-80BE-418F-81CB-91F534D97B59}.Debug|Any CPU.ActiveCfg = Debug|Any CPU
		{00B43C76-80BE-418F-81CB-91F534D97B59}.Debug|Any CPU.Build.0 = Debug|Any CPU
		{00B43C76-80BE-418F-81CB-91F534D97B59}.Release|Any CPU.ActiveCfg = Release|Any CPU
		{00B43C76-80BE-418F-81CB-91F534D97B59}.Release|Any CPU.Build.0 = Release|Any CPU
		{6F10C7B8-EB42-43FB-9A79-B9754B1E1CC7}.Debug|Any CPU.ActiveCfg = Debug|Any CPU
		{6F10C7B8-EB42-43FB-9A79-B9754B1E1CC7}.Debug|Any CPU.Build.0 = Debug|Any CPU
		{6F10C7B8-EB42-43FB-9A79-B9754B1E1CC7}.Release|Any CPU.ActiveCfg = Release|Any CPU
		{6F10C7B8-EB42-43FB-9A79-B9754B1E1CC7}.Release|Any CPU.Build.0 = Release|Any CPU
		{04111131-8D31-40FC-B42C-71FF39A25B39}.Debug|Any CPU.ActiveCfg = Debug|Any CPU
		{04111131-8D31-40FC-B42C-71FF39A25B39}.Debug|Any CPU.Build.0 = Debug|Any CPU
		{04111131-8D31-40FC-B42C-71FF39A25B39}.Release|Any CPU.ActiveCfg = Release|Any CPU
		{04111131-8D31-40FC-B42C-71FF39A25B39}.Release|Any CPU.Build.0 = Release|Any CPU
		{87998359-96F0-430C-A2B8-8F2707FD9E6A}.Debug|Any CPU.ActiveCfg = Debug|Any CPU
		{87998359-96F0-430C-A2B8-8F2707FD9E6A}.Debug|Any CPU.Build.0 = Debug|Any CPU
		{87998359-96F0-430C-A2B8-8F2707FD9E6A}.Release|Any CPU.ActiveCfg = Release|Any CPU
		{87998359-96F0-430C-A2B8-8F2707FD9E6A}.Release|Any CPU.Build.0 = Release|Any CPU
		{98930397-F89E-4570-A7CA-7AB26AB2C75D}.Debug|Any CPU.ActiveCfg = Debug|Any CPU
		{98930397-F89E-4570-A7CA-7AB26AB2C75D}.Debug|Any CPU.Build.0 = Debug|Any CPU
		{98930397-F89E-4570-A7CA-7AB26AB2C75D}.Release|Any CPU.ActiveCfg = Release|Any CPU
		{98930397-F89E-4570-A7CA-7AB26AB2C75D}.Release|Any CPU.Build.0 = Release|Any CPU
		{B470E874-EA78-4916-96BD-28CE52BF3BE4}.Debug|Any CPU.ActiveCfg = Debug|Any CPU
		{B470E874-EA78-4916-96BD-28CE52BF3BE4}.Debug|Any CPU.Build.0 = Debug|Any CPU
		{B470E874-EA78-4916-96BD-28CE52BF3BE4}.Release|Any CPU.ActiveCfg = Release|Any CPU
		{B470E874-EA78-4916-96BD-28CE52BF3BE4}.Release|Any CPU.Build.0 = Release|Any CPU
		{F9CD1EBF-F5EF-44C7-85CD-0C0C32B69820}.Debug|Any CPU.ActiveCfg = Debug|Any CPU
		{F9CD1EBF-F5EF-44C7-85CD-0C0C32B69820}.Debug|Any CPU.Build.0 = Debug|Any CPU
		{F9CD1EBF-F5EF-44C7-85CD-0C0C32B69820}.Release|Any CPU.ActiveCfg = Release|Any CPU
		{F9CD1EBF-F5EF-44C7-85CD-0C0C32B69820}.Release|Any CPU.Build.0 = Release|Any CPU
		{FC440984-3CAA-42A3-868B-7F713855D5F0}.Debug|Any CPU.ActiveCfg = Debug|Any CPU
		{FC440984-3CAA-42A3-868B-7F713855D5F0}.Debug|Any CPU.Build.0 = Debug|Any CPU
		{FC440984-3CAA-42A3-868B-7F713855D5F0}.Release|Any CPU.ActiveCfg = Release|Any CPU
		{FC440984-3CAA-42A3-868B-7F713855D5F0}.Release|Any CPU.Build.0 = Release|Any CPU
		{C77EB0B2-6FF6-43AA-9F1D-02C9B55EBCC7}.Debug|Any CPU.ActiveCfg = Debug|Any CPU
		{C77EB0B2-6FF6-43AA-9F1D-02C9B55EBCC7}.Debug|Any CPU.Build.0 = Debug|Any CPU
		{C77EB0B2-6FF6-43AA-9F1D-02C9B55EBCC7}.Release|Any CPU.ActiveCfg = Release|Any CPU
		{C77EB0B2-6FF6-43AA-9F1D-02C9B55EBCC7}.Release|Any CPU.Build.0 = Release|Any CPU
		{4CC15B99-F523-4DC0-820A-60D6CDCF8F8C}.Debug|Any CPU.ActiveCfg = Debug|Any CPU
		{4CC15B99-F523-4DC0-820A-60D6CDCF8F8C}.Debug|Any CPU.Build.0 = Debug|Any CPU
		{4CC15B99-F523-4DC0-820A-60D6CDCF8F8C}.Release|Any CPU.ActiveCfg = Release|Any CPU
		{4CC15B99-F523-4DC0-820A-60D6CDCF8F8C}.Release|Any CPU.Build.0 = Release|Any CPU
		{E9CCBE91-FF80-43A5-BDA7-B4670F8B91B7}.Debug|Any CPU.ActiveCfg = Debug|Any CPU
		{E9CCBE91-FF80-43A5-BDA7-B4670F8B91B7}.Debug|Any CPU.Build.0 = Debug|Any CPU
		{E9CCBE91-FF80-43A5-BDA7-B4670F8B91B7}.Release|Any CPU.ActiveCfg = Release|Any CPU
		{E9CCBE91-FF80-43A5-BDA7-B4670F8B91B7}.Release|Any CPU.Build.0 = Release|Any CPU
		{97BD7EC9-4FF6-4498-A8C3-B3C8EC0545BB}.Debug|Any CPU.ActiveCfg = Debug|Any CPU
		{97BD7EC9-4FF6-4498-A8C3-B3C8EC0545BB}.Debug|Any CPU.Build.0 = Debug|Any CPU
		{97BD7EC9-4FF6-4498-A8C3-B3C8EC0545BB}.Release|Any CPU.ActiveCfg = Release|Any CPU
		{97BD7EC9-4FF6-4498-A8C3-B3C8EC0545BB}.Release|Any CPU.Build.0 = Release|Any CPU
		{33E276DC-89AE-441F-B3D0-11BAA5543BA9}.Debug|Any CPU.ActiveCfg = Debug|Any CPU
		{33E276DC-89AE-441F-B3D0-11BAA5543BA9}.Debug|Any CPU.Build.0 = Debug|Any CPU
		{33E276DC-89AE-441F-B3D0-11BAA5543BA9}.Release|Any CPU.ActiveCfg = Release|Any CPU
		{33E276DC-89AE-441F-B3D0-11BAA5543BA9}.Release|Any CPU.Build.0 = Release|Any CPU
		{F4EA5B08-3D75-4270-90AD-D65CA6BC8883}.Debug|Any CPU.ActiveCfg = Debug|Any CPU
		{F4EA5B08-3D75-4270-90AD-D65CA6BC8883}.Debug|Any CPU.Build.0 = Debug|Any CPU
		{F4EA5B08-3D75-4270-90AD-D65CA6BC8883}.Release|Any CPU.ActiveCfg = Release|Any CPU
		{F4EA5B08-3D75-4270-90AD-D65CA6BC8883}.Release|Any CPU.Build.0 = Release|Any CPU
		{FA0FB139-CF63-4ADA-A470-BF093F6DE903}.Debug|Any CPU.ActiveCfg = Debug|Any CPU
		{FA0FB139-CF63-4ADA-A470-BF093F6DE903}.Debug|Any CPU.Build.0 = Debug|Any CPU
		{FA0FB139-CF63-4ADA-A470-BF093F6DE903}.Release|Any CPU.ActiveCfg = Release|Any CPU
		{FA0FB139-CF63-4ADA-A470-BF093F6DE903}.Release|Any CPU.Build.0 = Release|Any CPU
	EndGlobalSection
	GlobalSection(SolutionProperties) = preSolution
		HideSolutionNode = FALSE
	EndGlobalSection
	GlobalSection(ExtensibilityGlobals) = postSolution
		SolutionGuid = {94F752ED-6F19-44EB-8746-B70DA09EB6DF}
	EndGlobalSection
EndGlobal
